
Microsoft Visual Studio Solution File, Format Version 12.00
# Visual Studio 2013
VisualStudioVersion = 12.0.40629.0
MinimumVisualStudioVersion = 10.0.40219.1
Project("{FAE04EC0-301F-11D3-BF4B-00C04F79EFBC}") = "FlightBlockSystem", "ConsoleApplication1\FlightBlockSystem.csproj", "{38E7D679-3330-4D3F-862F-1BBC2E13C882}"
EndProject
Global
	GlobalSection(SolutionConfigurationPlatforms) = preSolution
		Debug|Any CPU = Debug|Any CPU
		Release|Any CPU = Release|Any CPU
	EndGlobalSection
	GlobalSection(ProjectConfigurationPlatforms) = postSolution
		{38E7D679-3330-4D3F-862F-1BBC2E13C882}.Debug|Any CPU.ActiveCfg = Debug|Any CPU
		{38E7D679-3330-4D3F-862F-1BBC2E13C882}.Debug|Any CPU.Build.0 = Debug|Any CPU
		{38E7D679-3330-4D3F-862F-1BBC2E13C882}.Release|Any CPU.ActiveCfg = Release|Any CPU
		{38E7D679-3330-4D3F-862F-1BBC2E13C882}.Release|Any CPU.Build.0 = Release|Any CPU
	EndGlobalSection
	GlobalSection(SolutionProperties) = preSolution
		HideSolutionNode = FALSE
	EndGlobalSection
EndGlobal
